
Microsoft Visual Studio Solution File, Format Version 12.00
# Visual Studio 2012
Project("{FAE04EC0-301F-11D3-BF4B-00C04F79EFBC}") = "Sitecore.Modules.EventManager.App", "Sitecore.EventManger.App\Sitecore.Modules.EventManager.App.csproj", "{0E722223-6C2B-4F1F-AA59-0E7089B44961}"
EndProject
Project("{FAE04EC0-301F-11D3-BF4B-00C04F79EFBC}") = "Sitecore.Modules.EventManager", "Sitecore.EventManager\Sitecore.Modules.EventManager.csproj", "{E550BCF8-EFA9-4258-B8EB-83C9A164AF02}"
EndProject
Project("{CAA73BB0-EF22-4D79-A57E-DF67B3BA9C80}") = "Sitecore.Master", "Sitecore.Master\Sitecore.Master.scproj", "{D0D21339-9F3C-463F-A64B-51BAD81F73E8}"
EndProject
Project("{2150E333-8FDC-42A3-9474-1A3956D46DE8}") = "Some documents", "Some documents", "{270670AC-F29D-4D0F-A016-7203E8E3ED1F}"
	ProjectSection(SolutionItems) = preProject
		Notes.txt = Notes.txt
	EndProjectSection
EndProject
Project("{FAE04EC0-301F-11D3-BF4B-00C04F79EFBC}") = "TestSite", "TestSite\TestSite.csproj", "{088031E9-66A6-44D2-BB07-A44BB28F96DF}"
EndProject
Global
	GlobalSection(SolutionConfigurationPlatforms) = preSolution
		Debug|Any CPU = Debug|Any CPU
		Release|Any CPU = Release|Any CPU
	EndGlobalSection
	GlobalSection(ProjectConfigurationPlatforms) = postSolution
		{0E722223-6C2B-4F1F-AA59-0E7089B44961}.Debug|Any CPU.ActiveCfg = Debug|Any CPU
		{0E722223-6C2B-4F1F-AA59-0E7089B44961}.Debug|Any CPU.Build.0 = Debug|Any CPU
		{0E722223-6C2B-4F1F-AA59-0E7089B44961}.Release|Any CPU.ActiveCfg = Release|Any CPU
		{0E722223-6C2B-4F1F-AA59-0E7089B44961}.Release|Any CPU.Build.0 = Release|Any CPU
		{E550BCF8-EFA9-4258-B8EB-83C9A164AF02}.Debug|Any CPU.ActiveCfg = Debug|Any CPU
		{E550BCF8-EFA9-4258-B8EB-83C9A164AF02}.Debug|Any CPU.Build.0 = Debug|Any CPU
		{E550BCF8-EFA9-4258-B8EB-83C9A164AF02}.Release|Any CPU.ActiveCfg = Release|Any CPU
		{E550BCF8-EFA9-4258-B8EB-83C9A164AF02}.Release|Any CPU.Build.0 = Release|Any CPU
		{D0D21339-9F3C-463F-A64B-51BAD81F73E8}.Debug|Any CPU.ActiveCfg = Debug|Any CPU
		{D0D21339-9F3C-463F-A64B-51BAD81F73E8}.Debug|Any CPU.Build.0 = Debug|Any CPU
		{D0D21339-9F3C-463F-A64B-51BAD81F73E8}.Debug|Any CPU.Deploy.0 = Debug|Any CPU
		{D0D21339-9F3C-463F-A64B-51BAD81F73E8}.Release|Any CPU.ActiveCfg = Release|Any CPU
		{D0D21339-9F3C-463F-A64B-51BAD81F73E8}.Release|Any CPU.Build.0 = Release|Any CPU
		{D0D21339-9F3C-463F-A64B-51BAD81F73E8}.Release|Any CPU.Deploy.0 = Release|Any CPU
		{088031E9-66A6-44D2-BB07-A44BB28F96DF}.Debug|Any CPU.ActiveCfg = Debug|Any CPU
		{088031E9-66A6-44D2-BB07-A44BB28F96DF}.Debug|Any CPU.Build.0 = Debug|Any CPU
		{088031E9-66A6-44D2-BB07-A44BB28F96DF}.Release|Any CPU.ActiveCfg = Release|Any CPU
		{088031E9-66A6-44D2-BB07-A44BB28F96DF}.Release|Any CPU.Build.0 = Release|Any CPU
	EndGlobalSection
	GlobalSection(SolutionProperties) = preSolution
		HideSolutionNode = FALSE
	EndGlobalSection
EndGlobal
